// !$*UTF8*$!
{
	archiveVersion = 1;
	classes = {
	};
	objectVersion = 52;
	objects = {

/* Begin PBXBuildFile section */
		DB9DDED8236EC4A0001B7390 /* AppDelegate.swift in Sources */ = {isa = PBXBuildFile; fileRef = DB9DDED7236EC4A0001B7390 /* AppDelegate.swift */; };
		DB9DDEDB236EC4A0001B7390 /* JansDemo.xcdatamodeld in Sources */ = {isa = PBXBuildFile; fileRef = DB9DDED9236EC4A0001B7390 /* JansDemo.xcdatamodeld */; };
		DB9DDEDD236EC4A0001B7390 /* SceneDelegate.swift in Sources */ = {isa = PBXBuildFile; fileRef = DB9DDEDC236EC4A0001B7390 /* SceneDelegate.swift */; };
		DB9DDEDF236EC4A0001B7390 /* Event.swift in Sources */ = {isa = PBXBuildFile; fileRef = DB9DDEDE236EC4A0001B7390 /* Event.swift */; };
		DB9DDEE1236EC4A0001B7390 /* ContentView.swift in Sources */ = {isa = PBXBuildFile; fileRef = DB9DDEE0236EC4A0001B7390 /* ContentView.swift */; };
		DB9DDEE3236EC4AE001B7390 /* Assets.xcassets in Resources */ = {isa = PBXBuildFile; fileRef = DB9DDEE2236EC4AE001B7390 /* Assets.xcassets */; };
		DB9DDEE6236EC4AE001B7390 /* Preview Assets.xcassets in Resources */ = {isa = PBXBuildFile; fileRef = DB9DDEE5236EC4AE001B7390 /* Preview Assets.xcassets */; };
		DB9DDEE9236EC4AE001B7390 /* LaunchScreen.storyboard in Resources */ = {isa = PBXBuildFile; fileRef = DB9DDEE7236EC4AE001B7390 /* LaunchScreen.storyboard */; };
		DB9DDEF3236EC520001B7390 /* CloudKit.framework in Frameworks */ = {isa = PBXBuildFile; fileRef = DB9DDEF2236EC520001B7390 /* CloudKit.framework */; };
/* End PBXBuildFile section */

/* Begin PBXFileReference section */
		DB9DDED4236EC49F001B7390 /* JansDemo.app */ = {isa = PBXFileReference; explicitFileType = wrapper.application; includeInIndex = 0; path = JansDemo.app; sourceTree = BUILT_PRODUCTS_DIR; };
		DB9DDED7236EC4A0001B7390 /* AppDelegate.swift */ = {isa = PBXFileReference; lastKnownFileType = sourcecode.swift; path = AppDelegate.swift; sourceTree = "<group>"; };
		DB9DDEDA236EC4A0001B7390 /* JansDemo.xcdatamodel */ = {isa = PBXFileReference; lastKnownFileType = wrapper.xcdatamodel; path = JansDemo.xcdatamodel; sourceTree = "<group>"; };
		DB9DDEDC236EC4A0001B7390 /* SceneDelegate.swift */ = {isa = PBXFileReference; lastKnownFileType = sourcecode.swift; path = SceneDelegate.swift; sourceTree = "<group>"; };
		DB9DDEDE236EC4A0001B7390 /* Event.swift */ = {isa = PBXFileReference; lastKnownFileType = sourcecode.swift; path = Event.swift; sourceTree = "<group>"; };
		DB9DDEE0236EC4A0001B7390 /* ContentView.swift */ = {isa = PBXFileReference; lastKnownFileType = sourcecode.swift; path = ContentView.swift; sourceTree = "<group>"; };
		DB9DDEE2236EC4AE001B7390 /* Assets.xcassets */ = {isa = PBXFileReference; lastKnownFileType = folder.assetcatalog; path = Assets.xcassets; sourceTree = "<group>"; };
		DB9DDEE5236EC4AE001B7390 /* Preview Assets.xcassets */ = {isa = PBXFileReference; lastKnownFileType = folder.assetcatalog; path = "Preview Assets.xcassets"; sourceTree = "<group>"; };
		DB9DDEE8236EC4AE001B7390 /* Base */ = {isa = PBXFileReference; lastKnownFileType = file.storyboard; name = Base; path = Base.lproj/LaunchScreen.storyboard; sourceTree = "<group>"; };
		DB9DDEEA236EC4AE001B7390 /* Info.plist */ = {isa = PBXFileReference; lastKnownFileType = text.plist.xml; path = Info.plist; sourceTree = "<group>"; };
		DB9DDEF0236EC512001B7390 /* JansDemo.entitlements */ = {isa = PBXFileReference; lastKnownFileType = text.plist.entitlements; path = JansDemo.entitlements; sourceTree = "<group>"; };
		DB9DDEF2236EC520001B7390 /* CloudKit.framework */ = {isa = PBXFileReference; lastKnownFileType = wrapper.framework; name = CloudKit.framework; path = System/Library/Frameworks/CloudKit.framework; sourceTree = SDKROOT; };
/* End PBXFileReference section */

/* Begin PBXFrameworksBuildPhase section */
		DB9DDED1236EC49F001B7390 /* Frameworks */ = {
			isa = PBXFrameworksBuildPhase;
			buildActionMask = 2147483647;
			files = (
				DB9DDEF3236EC520001B7390 /* CloudKit.framework in Frameworks */,
			);
			runOnlyForDeploymentPostprocessing = 0;
		};
/* End PBXFrameworksBuildPhase section */

/* Begin PBXGroup section */
		DB9DDECB236EC49F001B7390 = {
			isa = PBXGroup;
			children = (
				DB9DDED6236EC49F001B7390 /* JansDemo */,
				DB9DDED5236EC49F001B7390 /* Products */,
				DB9DDEF1236EC520001B7390 /* Frameworks */,
			);
			sourceTree = "<group>";
		};
		DB9DDED5236EC49F001B7390 /* Products */ = {
			isa = PBXGroup;
			children = (
				DB9DDED4236EC49F001B7390 /* JansDemo.app */,
			);
			name = Products;
			sourceTree = "<group>";
		};
		DB9DDED6236EC49F001B7390 /* JansDemo */ = {
			isa = PBXGroup;
			children = (
				DB9DDEF0236EC512001B7390 /* JansDemo.entitlements */,
				DB9DDED7236EC4A0001B7390 /* AppDelegate.swift */,
				DB9DDEDC236EC4A0001B7390 /* SceneDelegate.swift */,
				DB9DDEDE236EC4A0001B7390 /* Event.swift */,
				DB9DDEE0236EC4A0001B7390 /* ContentView.swift */,
				DB9DDEE2236EC4AE001B7390 /* Assets.xcassets */,
				DB9DDEE7236EC4AE001B7390 /* LaunchScreen.storyboard */,
				DB9DDEEA236EC4AE001B7390 /* Info.plist */,
				DB9DDED9236EC4A0001B7390 /* JansDemo.xcdatamodeld */,
				DB9DDEE4236EC4AE001B7390 /* Preview Content */,
			);
			path = JansDemo;
			sourceTree = "<group>";
		};
		DB9DDEE4236EC4AE001B7390 /* Preview Content */ = {
			isa = PBXGroup;
			children = (
				DB9DDEE5236EC4AE001B7390 /* Preview Assets.xcassets */,
			);
			path = "Preview Content";
			sourceTree = "<group>";
		};
		DB9DDEF1236EC520001B7390 /* Frameworks */ = {
			isa = PBXGroup;
			children = (
				DB9DDEF2236EC520001B7390 /* CloudKit.framework */,
			);
			name = Frameworks;
			sourceTree = "<group>";
		};
/* End PBXGroup section */

/* Begin PBXNativeTarget section */
		DB9DDED3236EC49F001B7390 /* JansDemo */ = {
			isa = PBXNativeTarget;
			buildConfigurationList = DB9DDEED236EC4AE001B7390 /* Build configuration list for PBXNativeTarget "JansDemo" */;
			buildPhases = (
				DB9DDED0236EC49F001B7390 /* Sources */,
				DB9DDED1236EC49F001B7390 /* Frameworks */,
				DB9DDED2236EC49F001B7390 /* Resources */,
			);
			buildRules = (
			);
			dependencies = (
			);
			name = JansDemo;
			productName = JansDemo;
			productReference = DB9DDED4236EC49F001B7390 /* JansDemo.app */;
			productType = "com.apple.product-type.application";
		};
/* End PBXNativeTarget section */

/* Begin PBXProject section */
		DB9DDECC236EC49F001B7390 /* Project object */ = {
			isa = PBXProject;
			attributes = {
				LastSwiftUpdateCheck = 1120;
				LastUpgradeCheck = 1120;
				ORGANIZATIONNAME = "Jan Hovland";
				TargetAttributes = {
					DB9DDED3236EC49F001B7390 = {
						CreatedOnToolsVersion = 11.2;
					};
				};
			};
			buildConfigurationList = DB9DDECF236EC49F001B7390 /* Build configuration list for PBXProject "JansDemo" */;
			compatibilityVersion = "Xcode 11.0";
			developmentRegion = en;
			hasScannedForEncodings = 0;
			knownRegions = (
				en,
				Base,
			);
			mainGroup = DB9DDECB236EC49F001B7390;
			productRefGroup = DB9DDED5236EC49F001B7390 /* Products */;
			projectDirPath = "";
			projectRoot = "";
			targets = (
				DB9DDED3236EC49F001B7390 /* JansDemo */,
			);
		};
/* End PBXProject section */

/* Begin PBXResourcesBuildPhase section */
		DB9DDED2236EC49F001B7390 /* Resources */ = {
			isa = PBXResourcesBuildPhase;
			buildActionMask = 2147483647;
			files = (
				DB9DDEE9236EC4AE001B7390 /* LaunchScreen.storyboard in Resources */,
				DB9DDEE6236EC4AE001B7390 /* Preview Assets.xcassets in Resources */,
				DB9DDEE3236EC4AE001B7390 /* Assets.xcassets in Resources */,
			);
			runOnlyForDeploymentPostprocessing = 0;
		};
/* End PBXResourcesBuildPhase section */

/* Begin PBXSourcesBuildPhase section */
		DB9DDED0236EC49F001B7390 /* Sources */ = {
			isa = PBXSourcesBuildPhase;
			buildActionMask = 2147483647;
			files = (
				DB9DDEDF236EC4A0001B7390 /* Event.swift in Sources */,
				DB9DDEE1236EC4A0001B7390 /* ContentView.swift in Sources */,
				DB9DDEDB236EC4A0001B7390 /* JansDemo.xcdatamodeld in Sources */,
				DB9DDED8236EC4A0001B7390 /* AppDelegate.swift in Sources */,
				DB9DDEDD236EC4A0001B7390 /* SceneDelegate.swift in Sources */,
			);
			runOnlyForDeploymentPostprocessing = 0;
		};
/* End PBXSourcesBuildPhase section */

/* Begin PBXVariantGroup section */
		DB9DDEE7236EC4AE001B7390 /* LaunchScreen.storyboard */ = {
			isa = PBXVariantGroup;
			children = (
				DB9DDEE8236EC4AE001B7390 /* Base */,
			);
			name = LaunchScreen.storyboard;
			sourceTree = "<group>";
		};
/* End PBXVariantGroup section */

/* Begin XCBuildConfiguration section */
		DB9DDEEB236EC4AE001B7390 /* Debug */ = {
			isa = XCBuildConfiguration;
			buildSettings = {
				ALWAYS_SEARCH_USER_PATHS = NO;
				CLANG_ANALYZER_NONNULL = YES;
				CLANG_ANALYZER_NUMBER_OBJECT_CONVERSION = YES_AGGRESSIVE;
				CLANG_CXX_LANGUAGE_STANDARD = "gnu++14";
				CLANG_CXX_LIBRARY = "libc++";
				CLANG_ENABLE_MODULES = YES;
				CLANG_ENABLE_OBJC_ARC = YES;
				CLANG_ENABLE_OBJC_WEAK = YES;
				CLANG_WARN_BLOCK_CAPTURE_AUTORELEASING = YES;
				CLANG_WARN_BOOL_CONVERSION = YES;
				CLANG_WARN_COMMA = YES;
				CLANG_WARN_CONSTANT_CONVERSION = YES;
				CLANG_WARN_DEPRECATED_OBJC_IMPLEMENTATIONS = YES;
				CLANG_WARN_DIRECT_OBJC_ISA_USAGE = YES_ERROR;
				CLANG_WARN_DOCUMENTATION_COMMENTS = YES;
				CLANG_WARN_EMPTY_BODY = YES;
				CLANG_WARN_ENUM_CONVERSION = YES;
				CLANG_WARN_INFINITE_RECURSION = YES;
				CLANG_WARN_INT_CONVERSION = YES;
				CLANG_WARN_NON_LITERAL_NULL_CONVERSION = YES;
				CLANG_WARN_OBJC_IMPLICIT_RETAIN_SELF = YES;
				CLANG_WARN_OBJC_LITERAL_CONVERSION = YES;
				CLANG_WARN_OBJC_ROOT_CLASS = YES_ERROR;
				CLANG_WARN_RANGE_LOOP_ANALYSIS = YES;
				CLANG_WARN_STRICT_PROTOTYPES = YES;
				CLANG_WARN_SUSPICIOUS_MOVE = YES;
				CLANG_WARN_UNGUARDED_AVAILABILITY = YES_AGGRESSIVE;
				CLANG_WARN_UNREACHABLE_CODE = YES;
				CLANG_WARN__DUPLICATE_METHOD_MATCH = YES;
				COPY_PHASE_STRIP = NO;
				DEBUG_INFORMATION_FORMAT = dwarf;
				ENABLE_STRICT_OBJC_MSGSEND = YES;
				ENABLE_TESTABILITY = YES;
				GCC_C_LANGUAGE_STANDARD = gnu11;
				GCC_DYNAMIC_NO_PIC = NO;
				GCC_NO_COMMON_BLOCKS = YES;
				GCC_OPTIMIZATION_LEVEL = 0;
				GCC_PREPROCESSOR_DEFINITIONS = (
					"DEBUG=1",
					"$(inherited)",
				);
				GCC_WARN_64_TO_32_BIT_CONVERSION = YES;
				GCC_WARN_ABOUT_RETURN_TYPE = YES_ERROR;
				GCC_WARN_UNDECLARED_SELECTOR = YES;
				GCC_WARN_UNINITIALIZED_AUTOS = YES_AGGRESSIVE;
				GCC_WARN_UNUSED_FUNCTION = YES;
				GCC_WARN_UNUSED_VARIABLE = YES;
				IPHONEOS_DEPLOYMENT_TARGET = 13.2;
				MTL_ENABLE_DEBUG_INFO = INCLUDE_SOURCE;
				MTL_FAST_MATH = YES;
				ONLY_ACTIVE_ARCH = YES;
				SDKROOT = iphoneos;
				SWIFT_ACTIVE_COMPILATION_CONDITIONS = DEBUG;
				SWIFT_OPTIMIZATION_LEVEL = "-Onone";
			};
			name = Debug;
		};
		DB9DDEEC236EC4AE001B7390 /* Release */ = {
			isa = XCBuildConfiguration;
			buildSettings = {
				ALWAYS_SEARCH_USER_PATHS = NO;
				CLANG_ANALYZER_NONNULL = YES;
				CLANG_ANALYZER_NUMBER_OBJECT_CONVERSION = YES_AGGRESSIVE;
				CLANG_CXX_LANGUAGE_STANDARD = "gnu++14";
				CLANG_CXX_LIBRARY = "libc++";
				CLANG_ENABLE_MODULES = YES;
				CLANG_ENABLE_OBJC_ARC = YES;
				CLANG_ENABLE_OBJC_WEAK = YES;
				CLANG_WARN_BLOCK_CAPTURE_AUTORELEASING = YES;
				CLANG_WARN_BOOL_CONVERSION = YES;
				CLANG_WARN_COMMA = YES;
				CLANG_WARN_CONSTANT_CONVERSION = YES;
				CLANG_WARN_DEPRECATED_OBJC_IMPLEMENTATIONS = YES;
				CLANG_WARN_DIRECT_OBJC_ISA_USAGE = YES_ERROR;
				CLANG_WARN_DOCUMENTATION_COMMENTS = YES;
				CLANG_WARN_EMPTY_BODY = YES;
				CLANG_WARN_ENUM_CONVERSION = YES;
				CLANG_WARN_INFINITE_RECURSION = YES;
				CLANG_WARN_INT_CONVERSION = YES;
				CLANG_WARN_NON_LITERAL_NULL_CONVERSION = YES;
				CLANG_WARN_OBJC_IMPLICIT_RETAIN_SELF = YES;
				CLANG_WARN_OBJC_LITERAL_CONVERSION = YES;
				CLANG_WARN_OBJC_ROOT_CLASS = YES_ERROR;
				CLANG_WARN_RANGE_LOOP_ANALYSIS = YES;
				CLANG_WARN_STRICT_PROTOTYPES = YES;
				CLANG_WARN_SUSPICIOUS_MOVE = YES;
				CLANG_WARN_UNGUARDED_AVAILABILITY = YES_AGGRESSIVE;
				CLANG_WARN_UNREACHABLE_CODE = YES;
				CLANG_WARN__DUPLICATE_METHOD_MATCH = YES;
				COPY_PHASE_STRIP = NO;
				DEBUG_INFORMATION_FORMAT = "dwarf-with-dsym";
				ENABLE_NS_ASSERTIONS = NO;
				ENABLE_STRICT_OBJC_MSGSEND = YES;
				GCC_C_LANGUAGE_STANDARD = gnu11;
				GCC_NO_COMMON_BLOCKS = YES;
				GCC_WARN_64_TO_32_BIT_CONVERSION = YES;
				GCC_WARN_ABOUT_RETURN_TYPE = YES_ERROR;
				GCC_WARN_UNDECLARED_SELECTOR = YES;
				GCC_WARN_UNINITIALIZED_AUTOS = YES_AGGRESSIVE;
				GCC_WARN_UNUSED_FUNCTION = YES;
				GCC_WARN_UNUSED_VARIABLE = YES;
				IPHONEOS_DEPLOYMENT_TARGET = 13.2;
				MTL_ENABLE_DEBUG_INFO = NO;
				MTL_FAST_MATH = YES;
				SDKROOT = iphoneos;
				SWIFT_COMPILATION_MODE = wholemodule;
				SWIFT_OPTIMIZATION_LEVEL = "-O";
				VALIDATE_PRODUCT = YES;
			};
			name = Release;
		};
		DB9DDEEE236EC4AE001B7390 /* Debug */ = {
			isa = XCBuildConfiguration;
			buildSettings = {
				ASSETCATALOG_COMPILER_APPICON_NAME = AppIcon;
				CODE_SIGN_ENTITLEMENTS = JansDemo/JansDemo.entitlements;
				CODE_SIGN_STYLE = Automatic;
				DEVELOPMENT_ASSET_PATHS = "\"JansDemo/Preview Content\"";
				DEVELOPMENT_TEAM = 6UR9TA6744;
				ENABLE_PREVIEWS = YES;
				INFOPLIST_FILE = JansDemo/Info.plist;
				LD_RUNPATH_SEARCH_PATHS = (
					"$(inherited)",
					"@executable_path/Frameworks",
				);
				PRODUCT_BUNDLE_IDENTIFIER = com.janhovland.JansDemo;
				PRODUCT_NAME = "$(TARGET_NAME)";
				SWIFT_VERSION = 5.0;
				TARGETED_DEVICE_FAMILY = "1,2";
			};
			name = Debug;
		};
		DB9DDEEF236EC4AE001B7390 /* Release */ = {
			isa = XCBuildConfiguration;
			buildSettings = {
				ASSETCATALOG_COMPILER_APPICON_NAME = AppIcon;
				CODE_SIGN_ENTITLEMENTS = JansDemo/JansDemo.entitlements;
				CODE_SIGN_STYLE = Automatic;
				DEVELOPMENT_ASSET_PATHS = "\"JansDemo/Preview Content\"";
				DEVELOPMENT_TEAM = 6UR9TA6744;
				ENABLE_PREVIEWS = YES;
				INFOPLIST_FILE = JansDemo/Info.plist;
				LD_RUNPATH_SEARCH_PATHS = (
					"$(inherited)",
					"@executable_path/Frameworks",
				);
				PRODUCT_BUNDLE_IDENTIFIER = com.janhovland.JansDemo;
				PRODUCT_NAME = "$(TARGET_NAME)";
				SWIFT_VERSION = 5.0;
				TARGETED_DEVICE_FAMILY = "1,2";
			};
			name = Release;
		};
/* End XCBuildConfiguration section */

/* Begin XCConfigurationList section */
		DB9DDECF236EC49F001B7390 /* Build configuration list for PBXProject "JansDemo" */ = {
			isa = XCConfigurationList;
			buildConfigurations = (
				DB9DDEEB236EC4AE001B7390 /* Debug */,
				DB9DDEEC236EC4AE001B7390 /* Release */,
			);
			defaultConfigurationIsVisible = 0;
			defaultConfigurationName = Release;
		};
		DB9DDEED236EC4AE001B7390 /* Build configuration list for PBXNativeTarget "JansDemo" */ = {
			isa = XCConfigurationList;
			buildConfigurations = (
				DB9DDEEE236EC4AE001B7390 /* Debug */,
				DB9DDEEF236EC4AE001B7390 /* Release */,
			);
			defaultConfigurationIsVisible = 0;
			defaultConfigurationName = Release;
		};
/* End XCConfigurationList section */

/* Begin XCVersionGroup section */
		DB9DDED9236EC4A0001B7390 /* JansDemo.xcdatamodeld */ = {
			isa = XCVersionGroup;
			children = (
				DB9DDEDA236EC4A0001B7390 /* JansDemo.xcdatamodel */,
			);
			currentVersion = DB9DDEDA236EC4A0001B7390 /* JansDemo.xcdatamodel */;
			path = JansDemo.xcdatamodeld;
			sourceTree = "<group>";
			versionGroupType = wrapper.xcdatamodel;
		};
/* End XCVersionGroup section */
	};
	rootObject = DB9DDECC236EC49F001B7390 /* Project object */;
}
